
Microsoft Visual Studio Solution File, Format Version 12.00
# Visual Studio 15
VisualStudioVersion = 15.0.26730.16
MinimumVisualStudioVersion = 10.0.40219.1
Project("{9A19103F-16F7-4668-BE54-9A1E7A4F7556}") = "GitHub.API", "GitHub.API\GitHub.API.csproj", "{A5F2E74E-B4D5-4B1A-9E7C-D40D22A912E5}"
EndProject
Project("{2150E333-8FDC-42A3-9474-1A3956D46DE8}") = "Solution Items", "Solution Items", "{A7E90E06-F10A-4BED-A15D-2C945F56D7B2}"
	ProjectSection(SolutionItems) = preProject
		..\README.md = ..\README.md
	EndProjectSection
EndProject
Global
	GlobalSection(SolutionConfigurationPlatforms) = preSolution
		Debug|Any CPU = Debug|Any CPU
		Release|Any CPU = Release|Any CPU
	EndGlobalSection
	GlobalSection(ProjectConfigurationPlatforms) = postSolution
		{A5F2E74E-B4D5-4B1A-9E7C-D40D22A912E5}.Debug|Any CPU.ActiveCfg = Debug|Any CPU
		{A5F2E74E-B4D5-4B1A-9E7C-D40D22A912E5}.Debug|Any CPU.Build.0 = Debug|Any CPU
		{A5F2E74E-B4D5-4B1A-9E7C-D40D22A912E5}.Release|Any CPU.ActiveCfg = Release|Any CPU
		{A5F2E74E-B4D5-4B1A-9E7C-D40D22A912E5}.Release|Any CPU.Build.0 = Release|Any CPU
	EndGlobalSection
	GlobalSection(SolutionProperties) = preSolution
		HideSolutionNode = FALSE
	EndGlobalSection
	GlobalSection(ExtensibilityGlobals) = postSolution
		SolutionGuid = {E1FEBC33-3034-47CE-A2B0-0FA3F09DC898}
	EndGlobalSection
EndGlobal
